
Microsoft Visual Studio Solution File, Format Version 12.00
# Visual Studio 15
VisualStudioVersion = 15.0.26730.12
MinimumVisualStudioVersion = 10.0.40219.1
Project("{FAE04EC0-301F-11D3-BF4B-00C04F79EFBC}") = "MvcMusicStore", "MvcMusicStore\MvcMusicStore.csproj", "{7EC6365A-8C49-4073-B55C-19C3A74B6625}"
EndProject
Project("{FAE04EC0-301F-11D3-BF4B-00C04F79EFBC}") = "MvcMusicStore.Tests", "MvcMusicStore.Tests\MvcMusicStore.Tests.csproj", "{D1B31262-792D-43F0-9407-2E5EF1EB8AAF}"
EndProject
Project("{2150E333-8FDC-42A3-9474-1A3956D46DE8}") = "Solution Items", "Solution Items", "{570773FE-29F1-4071-B459-36E4A72D6D70}"
	ProjectSection(SolutionItems) = preProject
		README.md = README.md
	EndProjectSection
EndProject
Global
	GlobalSection(SolutionConfigurationPlatforms) = preSolution
		Debug|Any CPU = Debug|Any CPU
		Release|Any CPU = Release|Any CPU
	EndGlobalSection
	GlobalSection(ProjectConfigurationPlatforms) = postSolution
		{7EC6365A-8C49-4073-B55C-19C3A74B6625}.Debug|Any CPU.ActiveCfg = Debug|Any CPU
		{7EC6365A-8C49-4073-B55C-19C3A74B6625}.Debug|Any CPU.Build.0 = Debug|Any CPU
		{7EC6365A-8C49-4073-B55C-19C3A74B6625}.Release|Any CPU.ActiveCfg = Release|Any CPU
		{7EC6365A-8C49-4073-B55C-19C3A74B6625}.Release|Any CPU.Build.0 = Release|Any CPU
		{D1B31262-792D-43F0-9407-2E5EF1EB8AAF}.Debug|Any CPU.ActiveCfg = Debug|Any CPU
		{D1B31262-792D-43F0-9407-2E5EF1EB8AAF}.Debug|Any CPU.Build.0 = Debug|Any CPU
		{D1B31262-792D-43F0-9407-2E5EF1EB8AAF}.Release|Any CPU.ActiveCfg = Release|Any CPU
		{D1B31262-792D-43F0-9407-2E5EF1EB8AAF}.Release|Any CPU.Build.0 = Release|Any CPU
	EndGlobalSection
	GlobalSection(SolutionProperties) = preSolution
		HideSolutionNode = FALSE
	EndGlobalSection
	GlobalSection(ExtensibilityGlobals) = postSolution
		SolutionGuid = {F9B42A83-B411-4BBF-A541-3039AE1A1586}
	EndGlobalSection
EndGlobal
